// !$*UTF8*$!
{
	archiveVersion = 1;
	classes = {
	};
	objectVersion = 56;
	objects = {

/* Begin PBXBuildFile section */
		A1000001 /* MackorApp.swift in Sources */ = {isa = PBXBuildFile; fileRef = A2000001; };
		A1000002 /* EventTapManager.swift in Sources */ = {isa = PBXBuildFile; fileRef = A2000002; };
		A1000003 /* HangulCompositionTracker.swift in Sources */ = {isa = PBXBuildFile; fileRef = A2000003; };
		A1000004 /* KeycodeToJamoMap.swift in Sources */ = {isa = PBXBuildFile; fileRef = A2000004; };
		A1000005 /* AppMonitor.swift in Sources */ = {isa = PBXBuildFile; fileRef = A2000005; };
		A1000006 /* HangulUnicode.swift in Sources */ = {isa = PBXBuildFile; fileRef = A2000008; };
		A1000007 /* TargetAppManager.swift in Sources */ = {isa = PBXBuildFile; fileRef = A2000009; };
		A1000008 /* Assets.xcassets in Resources */ = {isa = PBXBuildFile; fileRef = A200000A; };
		A1000009 /* WrongLayoutCorrectionEngine.swift in Sources */ = {isa = PBXBuildFile; fileRef = A200000B; };
		A100000A /* FocusedInputSafety.swift in Sources */ = {isa = PBXBuildFile; fileRef = A200000C; };
		A100000B /* CorrectionNoticeController.swift in Sources */ = {isa = PBXBuildFile; fileRef = A200000D; };
		A100000C /* InputSourceController.swift in Sources */ = {isa = PBXBuildFile; fileRef = A200000E; };
		D1000001 /* UpdaterController.swift in Sources */ = {isa = PBXBuildFile; fileRef = D2000001; };
		F1000001 /* AnnouncementCenter.swift in Sources */ = {isa = PBXBuildFile; fileRef = F2000001; };
		D1000002 /* SparkleUpdateConfiguration.swift in Sources */ = {isa = PBXBuildFile; fileRef = D2000002; };
		D1000003 /* SparkleUpdateConfiguration.swift in Sources */ = {isa = PBXBuildFile; fileRef = D2000002; };
		D1000004 /* SparkleUpdateConfigurationTests.swift in Sources */ = {isa = PBXBuildFile; fileRef = D2000003; };
		D1000005 /* Sparkle in Frameworks */ = {isa = PBXBuildFile; productRef = D5000001 /* Sparkle */; };
		B1000001 /* HangulCompositionTests.swift in Sources */ = {isa = PBXBuildFile; fileRef = B2000001; };
		B1000002 /* HangulCompositionTracker.swift in Sources */ = {isa = PBXBuildFile; fileRef = A2000003; };
		B1000003 /* KeycodeToJamoMap.swift in Sources */ = {isa = PBXBuildFile; fileRef = A2000004; };
		B1000004 /* HangulUnicode.swift in Sources */ = {isa = PBXBuildFile; fileRef = A2000008; };
		B1000005 /* TargetAppManagerTests.swift in Sources */ = {isa = PBXBuildFile; fileRef = B2000003; };
		B1000006 /* TargetAppManager.swift in Sources */ = {isa = PBXBuildFile; fileRef = A2000009; };
		B1000007 /* WrongLayoutCorrectionEngineTests.swift in Sources */ = {isa = PBXBuildFile; fileRef = B2000004; };
		B1000008 /* WrongLayoutCorrectionEngine.swift in Sources */ = {isa = PBXBuildFile; fileRef = A200000B; };
		B1000009 /* InputSourceControllerTests.swift in Sources */ = {isa = PBXBuildFile; fileRef = B2000005; };
		B100000A /* InputSourceController.swift in Sources */ = {isa = PBXBuildFile; fileRef = A200000E; };
		B100000B /* EventTapManagerTests.swift in Sources */ = {isa = PBXBuildFile; fileRef = B2000006; };
		B100000C /* EventTapManager.swift in Sources */ = {isa = PBXBuildFile; fileRef = A2000002; };
		B100000D /* FocusedInputSafety.swift in Sources */ = {isa = PBXBuildFile; fileRef = A200000C; };
		B100000E /* CorrectionNoticeController.swift in Sources */ = {isa = PBXBuildFile; fileRef = A200000D; };
		B100000F /* CorrectionNoticeControllerTests.swift in Sources */ = {isa = PBXBuildFile; fileRef = B2000007; };
		B1000010 /* AppMonitor.swift in Sources */ = {isa = PBXBuildFile; fileRef = A2000005; };
		C0F00001 /* StructureCorrectionCorpusTests.swift in Sources */ = {isa = PBXBuildFile; fileRef = C0F00002; };
		E1000001 /* KSX1001Table.swift in Sources */ = {isa = PBXBuildFile; fileRef = E2000001; };
		E1000011 /* KSX1001Table.swift in Sources */ = {isa = PBXBuildFile; fileRef = E2000001; };
		E1000002 /* EnglishPhonotactics.swift in Sources */ = {isa = PBXBuildFile; fileRef = E2000002; };
		E1000012 /* EnglishPhonotactics.swift in Sources */ = {isa = PBXBuildFile; fileRef = E2000002; };
		E1000003 /* HangulStructure.swift in Sources */ = {isa = PBXBuildFile; fileRef = E2000003; };
		E1000013 /* HangulStructure.swift in Sources */ = {isa = PBXBuildFile; fileRef = E2000003; };
		E1000004 /* LayoutCorrectionPolicy.swift in Sources */ = {isa = PBXBuildFile; fileRef = E2000004; };
		E1000014 /* LayoutCorrectionPolicy.swift in Sources */ = {isa = PBXBuildFile; fileRef = E2000004; };
		E1000021 /* EnglishPhonotacticsTests.swift in Sources */ = {isa = PBXBuildFile; fileRef = E2000021; };
		E1000022 /* KSX1001TableTests.swift in Sources */ = {isa = PBXBuildFile; fileRef = E2000022; };
		E1000023 /* LayoutCorrectionPolicyTests.swift in Sources */ = {isa = PBXBuildFile; fileRef = E2000023; };
		E1000093 /* LexicalGuardTests.swift in Sources */ = {isa = PBXBuildFile; fileRef = E2000093; };
		E1000094 /* MackorAppFilterTests.swift in Sources */ = {isa = PBXBuildFile; fileRef = E2000094; };
		E1000095 /* MonosyllableLexiconTests.swift in Sources */ = {isa = PBXBuildFile; fileRef = E2000095; };
		E1000096 /* AppSupportRequestTests.swift in Sources */ = {isa = PBXBuildFile; fileRef = E2000096; };
		E1000024 /* GoldenCorpusParityTests.swift in Sources */ = {isa = PBXBuildFile; fileRef = E2000024; };
		E1000025 /* AppMonitorTests.swift in Sources */ = {isa = PBXBuildFile; fileRef = E2000025; };
		E1000210 /* FocusedInputSafetyTests.swift in Sources */ = {isa = PBXBuildFile; fileRef = E2000210; };
		E1000200 /* AnnouncementCenterTests.swift in Sources */ = {isa = PBXBuildFile; fileRef = E2000200; };
		E1000201 /* AnnouncementCenter.swift in Sources */ = {isa = PBXBuildFile; fileRef = F2000001; };
		E1000030 /* LexicalTiebreaker.swift in Sources */ = {isa = PBXBuildFile; fileRef = E2000030; };
		E1000031 /* LexicalTiebreaker.swift in Sources */ = {isa = PBXBuildFile; fileRef = E2000030; };
		E1000090 /* LexicalGuard.swift in Sources */ = {isa = PBXBuildFile; fileRef = E2000090; };
		E1000091 /* LexicalGuard.swift in Sources */ = {isa = PBXBuildFile; fileRef = E2000090; };
		E1000036 /* MonosyllableLexicon.swift in Sources */ = {isa = PBXBuildFile; fileRef = E2000036; };
		E1000037 /* MonosyllableLexicon.swift in Sources */ = {isa = PBXBuildFile; fileRef = E2000036; };
		E1000038 /* AppSupportRequest.swift in Sources */ = {isa = PBXBuildFile; fileRef = E2000038; };
		E1000039 /* AppSupportRequest.swift in Sources */ = {isa = PBXBuildFile; fileRef = E2000038; };
		E1000032 /* LexicalTiebreakerParityTests.swift in Sources */ = {isa = PBXBuildFile; fileRef = E2000032; };
		E1000033 /* ko-lexicon.v1.txt in Resources */ = {isa = PBXBuildFile; fileRef = E2000033; };
		E1000034 /* en-lexicon.v1.txt in Resources */ = {isa = PBXBuildFile; fileRef = E2000034; };
		E1000092 /* en-guard.v1.txt in Resources */ = {isa = PBXBuildFile; fileRef = E2000092; };
		E1000035 /* ko-mono.v1.txt in Resources */ = {isa = PBXBuildFile; fileRef = E2000035; };
/* End PBXBuildFile section */

/* Begin PBXFileReference section */
		A2000001 /* MackorApp.swift */ = {isa = PBXFileReference; lastKnownFileType = sourcecode.swift; path = MackorApp.swift; sourceTree = "<group>"; };
		A2000002 /* EventTapManager.swift */ = {isa = PBXFileReference; lastKnownFileType = sourcecode.swift; path = EventTapManager.swift; sourceTree = "<group>"; };
		A2000003 /* HangulCompositionTracker.swift */ = {isa = PBXFileReference; lastKnownFileType = sourcecode.swift; path = HangulCompositionTracker.swift; sourceTree = "<group>"; };
		A2000004 /* KeycodeToJamoMap.swift */ = {isa = PBXFileReference; lastKnownFileType = sourcecode.swift; path = KeycodeToJamoMap.swift; sourceTree = "<group>"; };
		A2000005 /* AppMonitor.swift */ = {isa = PBXFileReference; lastKnownFileType = sourcecode.swift; path = AppMonitor.swift; sourceTree = "<group>"; };
		A2000006 /* Info.plist */ = {isa = PBXFileReference; lastKnownFileType = text.plist.xml; path = Info.plist; sourceTree = "<group>"; };
		A2000007 /* Mackor.entitlements */ = {isa = PBXFileReference; lastKnownFileType = text.plist.entitlements; path = Mackor.entitlements; sourceTree = "<group>"; };
		A2000008 /* HangulUnicode.swift */ = {isa = PBXFileReference; lastKnownFileType = sourcecode.swift; path = HangulUnicode.swift; sourceTree = "<group>"; };
		A2000009 /* TargetAppManager.swift */ = {isa = PBXFileReference; lastKnownFileType = sourcecode.swift; path = TargetAppManager.swift; sourceTree = "<group>"; };
		A200000A /* Assets.xcassets */ = {isa = PBXFileReference; lastKnownFileType = folder.assetcatalog; path = Assets.xcassets; sourceTree = "<group>"; };
		A200000B /* WrongLayoutCorrectionEngine.swift */ = {isa = PBXFileReference; lastKnownFileType = sourcecode.swift; path = WrongLayoutCorrectionEngine.swift; sourceTree = "<group>"; };
		A200000C /* FocusedInputSafety.swift */ = {isa = PBXFileReference; lastKnownFileType = sourcecode.swift; path = FocusedInputSafety.swift; sourceTree = "<group>"; };
		A200000D /* CorrectionNoticeController.swift */ = {isa = PBXFileReference; lastKnownFileType = sourcecode.swift; path = CorrectionNoticeController.swift; sourceTree = "<group>"; };
		A200000E /* InputSourceController.swift */ = {isa = PBXFileReference; lastKnownFileType = sourcecode.swift; path = InputSourceController.swift; sourceTree = "<group>"; };
		D2000001 /* UpdaterController.swift */ = {isa = PBXFileReference; lastKnownFileType = sourcecode.swift; path = UpdaterController.swift; sourceTree = "<group>"; };
		F2000001 /* AnnouncementCenter.swift */ = {isa = PBXFileReference; lastKnownFileType = sourcecode.swift; path = AnnouncementCenter.swift; sourceTree = "<group>"; };
		D2000002 /* SparkleUpdateConfiguration.swift */ = {isa = PBXFileReference; lastKnownFileType = sourcecode.swift; path = SparkleUpdateConfiguration.swift; sourceTree = "<group>"; };
		D2000003 /* SparkleUpdateConfigurationTests.swift */ = {isa = PBXFileReference; lastKnownFileType = sourcecode.swift; path = SparkleUpdateConfigurationTests.swift; sourceTree = "<group>"; };
		A2000010 /* Mackor.app */ = {isa = PBXFileReference; explicitFileType = wrapper.application; includeInIndex = 0; path = Mackor.app; sourceTree = BUILT_PRODUCTS_DIR; };
		B2000001 /* HangulCompositionTests.swift */ = {isa = PBXFileReference; lastKnownFileType = sourcecode.swift; path = HangulCompositionTests.swift; sourceTree = "<group>"; };
		B2000002 /* MackorTests.xctest */ = {isa = PBXFileReference; explicitFileType = wrapper.cfbundle; includeInIndex = 0; path = MackorTests.xctest; sourceTree = BUILT_PRODUCTS_DIR; };
		B2000003 /* TargetAppManagerTests.swift */ = {isa = PBXFileReference; lastKnownFileType = sourcecode.swift; path = TargetAppManagerTests.swift; sourceTree = "<group>"; };
		B2000004 /* WrongLayoutCorrectionEngineTests.swift */ = {isa = PBXFileReference; lastKnownFileType = sourcecode.swift; path = WrongLayoutCorrectionEngineTests.swift; sourceTree = "<group>"; };
		B2000005 /* InputSourceControllerTests.swift */ = {isa = PBXFileReference; lastKnownFileType = sourcecode.swift; path = InputSourceControllerTests.swift; sourceTree = "<group>"; };
		B2000006 /* EventTapManagerTests.swift */ = {isa = PBXFileReference; lastKnownFileType = sourcecode.swift; path = EventTapManagerTests.swift; sourceTree = "<group>"; };
		B2000007 /* CorrectionNoticeControllerTests.swift */ = {isa = PBXFileReference; lastKnownFileType = sourcecode.swift; path = CorrectionNoticeControllerTests.swift; sourceTree = "<group>"; };
		C0F00002 /* StructureCorrectionCorpusTests.swift */ = {isa = PBXFileReference; lastKnownFileType = sourcecode.swift; path = StructureCorrectionCorpusTests.swift; sourceTree = "<group>"; };
		E2000001 /* KSX1001Table.swift */ = {isa = PBXFileReference; lastKnownFileType = sourcecode.swift; path = KSX1001Table.swift; sourceTree = "<group>"; };
		E2000002 /* EnglishPhonotactics.swift */ = {isa = PBXFileReference; lastKnownFileType = sourcecode.swift; path = EnglishPhonotactics.swift; sourceTree = "<group>"; };
		E2000003 /* HangulStructure.swift */ = {isa = PBXFileReference; lastKnownFileType = sourcecode.swift; path = HangulStructure.swift; sourceTree = "<group>"; };
		E2000004 /* LayoutCorrectionPolicy.swift */ = {isa = PBXFileReference; lastKnownFileType = sourcecode.swift; path = LayoutCorrectionPolicy.swift; sourceTree = "<group>"; };
		E2000021 /* EnglishPhonotacticsTests.swift */ = {isa = PBXFileReference; lastKnownFileType = sourcecode.swift; path = EnglishPhonotacticsTests.swift; sourceTree = "<group>"; };
		E2000022 /* KSX1001TableTests.swift */ = {isa = PBXFileReference; lastKnownFileType = sourcecode.swift; path = KSX1001TableTests.swift; sourceTree = "<group>"; };
		E2000023 /* LayoutCorrectionPolicyTests.swift */ = {isa = PBXFileReference; lastKnownFileType = sourcecode.swift; path = LayoutCorrectionPolicyTests.swift; sourceTree = "<group>"; };
		E2000093 /* LexicalGuardTests.swift */ = {isa = PBXFileReference; lastKnownFileType = sourcecode.swift; path = LexicalGuardTests.swift; sourceTree = "<group>"; };
		E2000094 /* MackorAppFilterTests.swift */ = {isa = PBXFileReference; lastKnownFileType = sourcecode.swift; path = MackorAppFilterTests.swift; sourceTree = "<group>"; };
		E2000095 /* MonosyllableLexiconTests.swift */ = {isa = PBXFileReference; lastKnownFileType = sourcecode.swift; path = MonosyllableLexiconTests.swift; sourceTree = "<group>"; };
		E2000096 /* AppSupportRequestTests.swift */ = {isa = PBXFileReference; lastKnownFileType = sourcecode.swift; path = AppSupportRequestTests.swift; sourceTree = "<group>"; };
		E2000024 /* GoldenCorpusParityTests.swift */ = {isa = PBXFileReference; lastKnownFileType = sourcecode.swift; path = GoldenCorpusParityTests.swift; sourceTree = "<group>"; };
		E2000025 /* AppMonitorTests.swift */ = {isa = PBXFileReference; lastKnownFileType = sourcecode.swift; path = AppMonitorTests.swift; sourceTree = "<group>"; };
		E2000210 /* FocusedInputSafetyTests.swift */ = {isa = PBXFileReference; lastKnownFileType = sourcecode.swift; path = FocusedInputSafetyTests.swift; sourceTree = "<group>"; };
		E2000200 /* AnnouncementCenterTests.swift */ = {isa = PBXFileReference; lastKnownFileType = sourcecode.swift; path = AnnouncementCenterTests.swift; sourceTree = "<group>"; };
		E2000030 /* LexicalTiebreaker.swift */ = {isa = PBXFileReference; lastKnownFileType = sourcecode.swift; path = LexicalTiebreaker.swift; sourceTree = "<group>"; };
		E2000090 /* LexicalGuard.swift */ = {isa = PBXFileReference; lastKnownFileType = sourcecode.swift; path = LexicalGuard.swift; sourceTree = "<group>"; };
		E2000036 /* MonosyllableLexicon.swift */ = {isa = PBXFileReference; lastKnownFileType = sourcecode.swift; path = MonosyllableLexicon.swift; sourceTree = "<group>"; };
		E2000038 /* AppSupportRequest.swift */ = {isa = PBXFileReference; lastKnownFileType = sourcecode.swift; path = AppSupportRequest.swift; sourceTree = "<group>"; };
		E2000032 /* LexicalTiebreakerParityTests.swift */ = {isa = PBXFileReference; lastKnownFileType = sourcecode.swift; path = LexicalTiebreakerParityTests.swift; sourceTree = "<group>"; };
		E2000033 /* ko-lexicon.v1.txt */ = {isa = PBXFileReference; lastKnownFileType = text; name = "ko-lexicon.v1.txt"; path = "../../scripts/lexicon/ko-lexicon.v1.txt"; sourceTree = "<group>"; };
		E2000034 /* en-lexicon.v1.txt */ = {isa = PBXFileReference; lastKnownFileType = text; name = "en-lexicon.v1.txt"; path = "../../scripts/lexicon/en-lexicon.v1.txt"; sourceTree = "<group>"; };
		E2000092 /* en-guard.v1.txt */ = {isa = PBXFileReference; lastKnownFileType = text; name = "en-guard.v1.txt"; path = "../../scripts/lexicon/en-guard.v1.txt"; sourceTree = "<group>"; };
		E2000035 /* ko-mono.v1.txt */ = {isa = PBXFileReference; lastKnownFileType = text; name = "ko-mono.v1.txt"; path = "../../scripts/lexicon/ko-mono.v1.txt"; sourceTree = "<group>"; };
/* End PBXFileReference section */

/* Begin PBXFrameworksBuildPhase section */
		A3000001 /* Frameworks */ = {
			isa = PBXFrameworksBuildPhase;
			buildActionMask = 2147483647;
			files = (
				D1000005 /* Sparkle in Frameworks */,
			);
			runOnlyForDeploymentPostprocessing = 0;
		};
		B3000001 /* Frameworks */ = {
			isa = PBXFrameworksBuildPhase;
			buildActionMask = 2147483647;
			files = (
			);
			runOnlyForDeploymentPostprocessing = 0;
		};
/* End PBXFrameworksBuildPhase section */

/* Begin PBXResourcesBuildPhase section */
		A3000002 /* Resources */ = {
			isa = PBXResourcesBuildPhase;
			buildActionMask = 2147483647;
			files = (
				A1000008 /* Assets.xcassets in Resources */,
				E1000033 /* ko-lexicon.v1.txt in Resources */,
				E1000034 /* en-lexicon.v1.txt in Resources */,
				E1000092 /* en-guard.v1.txt in Resources */,
				E1000035 /* ko-mono.v1.txt in Resources */,
			);
			runOnlyForDeploymentPostprocessing = 0;
		};
/* End PBXResourcesBuildPhase section */

/* Begin PBXGroup section */
		A4000001 = {
			isa = PBXGroup;
			children = (
				A4000002 /* Mackor */,
				B4000001 /* MackorTests */,
				A4000003 /* Products */,
			);
			sourceTree = "<group>";
		};
		A4000002 /* Mackor */ = {
			isa = PBXGroup;
			children = (
				A2000001 /* MackorApp.swift */,
				A2000002 /* EventTapManager.swift */,
				A2000003 /* HangulCompositionTracker.swift */,
				A2000004 /* KeycodeToJamoMap.swift */,
				A2000005 /* AppMonitor.swift */,
				A2000008 /* HangulUnicode.swift */,
				A2000009 /* TargetAppManager.swift */,
				A200000B /* WrongLayoutCorrectionEngine.swift */,
				A200000C /* FocusedInputSafety.swift */,
				A200000D /* CorrectionNoticeController.swift */,
				A200000E /* InputSourceController.swift */,
				E2000001 /* KSX1001Table.swift */,
				E2000002 /* EnglishPhonotactics.swift */,
				E2000003 /* HangulStructure.swift */,
				E2000004 /* LayoutCorrectionPolicy.swift */,
				E2000030 /* LexicalTiebreaker.swift */,
				E2000090 /* LexicalGuard.swift */,
				E2000036 /* MonosyllableLexicon.swift */,
				E2000038 /* AppSupportRequest.swift */,
				E2000033 /* ko-lexicon.v1.txt */,
				E2000034 /* en-lexicon.v1.txt */,
				E2000092 /* en-guard.v1.txt */,
				E2000035 /* ko-mono.v1.txt */,
				D2000002 /* SparkleUpdateConfiguration.swift */,
				D2000001 /* UpdaterController.swift */,
				F2000001 /* AnnouncementCenter.swift */,
				A200000A /* Assets.xcassets */,
				A2000006 /* Info.plist */,
				A2000007 /* Mackor.entitlements */,
			);
			path = Mackor;
			sourceTree = "<group>";
		};
		B4000001 /* MackorTests */ = {
			isa = PBXGroup;
			children = (
				B2000001 /* HangulCompositionTests.swift */,
				B2000003 /* TargetAppManagerTests.swift */,
				B2000004 /* WrongLayoutCorrectionEngineTests.swift */,
				B2000005 /* InputSourceControllerTests.swift */,
				B2000006 /* EventTapManagerTests.swift */,
				B2000007 /* CorrectionNoticeControllerTests.swift */,
				C0F00002 /* StructureCorrectionCorpusTests.swift */,
				E2000021 /* EnglishPhonotacticsTests.swift */,
				E2000022 /* KSX1001TableTests.swift */,
				E2000023 /* LayoutCorrectionPolicyTests.swift */,
				E2000093 /* LexicalGuardTests.swift */,
				E2000094 /* MackorAppFilterTests.swift */,
				E2000095 /* MonosyllableLexiconTests.swift */,
				E2000096 /* AppSupportRequestTests.swift */,
				E2000024 /* GoldenCorpusParityTests.swift */,
				E2000025 /* AppMonitorTests.swift */,
				E2000210 /* FocusedInputSafetyTests.swift */,
				E2000200 /* AnnouncementCenterTests.swift */,
				E2000032 /* LexicalTiebreakerParityTests.swift */,
				D2000003 /* SparkleUpdateConfigurationTests.swift */,
			);
			path = MackorTests;
			sourceTree = "<group>";
		};
		A4000003 /* Products */ = {
			isa = PBXGroup;
			children = (
				A2000010 /* Mackor.app */,
				B2000002 /* MackorTests.xctest */,
			);
			name = Products;
			sourceTree = "<group>";
		};
/* End PBXGroup section */

/* Begin PBXNativeTarget section */
		A5000001 /* Mackor */ = {
			isa = PBXNativeTarget;
			buildConfigurationList = A7000003 /* Build configuration list for PBXNativeTarget "Mackor" */;
			buildPhases = (
				A6000001 /* Sources */,
				A3000001 /* Frameworks */,
				A3000002 /* Resources */,
			);
			buildRules = (
			);
			dependencies = (
			);
			name = Mackor;
			packageProductDependencies = (
				D5000001 /* Sparkle */,
			);
			productName = Mackor;
			productReference = A2000010 /* Mackor.app */;
			productType = "com.apple.product-type.application";
		};
		B5000001 /* MackorTests */ = {
			isa = PBXNativeTarget;
			buildConfigurationList = B7000001 /* Build configuration list for PBXNativeTarget "MackorTests" */;
			buildPhases = (
				B6000001 /* Sources */,
				B3000001 /* Frameworks */,
			);
			buildRules = (
			);
			dependencies = (
			);
			name = MackorTests;
			productName = MackorTests;
			productReference = B2000002 /* MackorTests.xctest */;
			productType = "com.apple.product-type.bundle.unit-test";
		};
/* End PBXNativeTarget section */

/* Begin PBXProject section */
		A8000001 /* Project object */ = {
			isa = PBXProject;
			attributes = {
				BuildIndependentTargetsInParallel = 1;
				LastSwiftUpdateCheck = 1500;
				LastUpgradeCheck = 1500;
				TargetAttributes = {
					A5000001 = {
						CreatedOnToolsVersion = 15.0;
					};
					B5000001 = {
						CreatedOnToolsVersion = 15.0;
					};
				};
			};
			buildConfigurationList = A7000001 /* Build configuration list for PBXProject "Mackor" */;
			compatibilityVersion = "Xcode 14.0";
			developmentRegion = ko;
			hasScannedForEncodings = 0;
			knownRegions = (
				en,
				ko,
				Base,
			);
			mainGroup = A4000001;
			packageReferences = (
				D4000001 /* XCRemoteSwiftPackageReference "Sparkle" */,
			);
			productRefGroup = A4000003 /* Products */;
			projectDirPath = "";
			projectRoot = "";
			targets = (
				A5000001 /* Mackor */,
				B5000001 /* MackorTests */,
			);
		};
/* End PBXProject section */

/* Begin PBXSourcesBuildPhase section */
		A6000001 /* Sources */ = {
			isa = PBXSourcesBuildPhase;
			buildActionMask = 2147483647;
			files = (
				A1000001 /* MackorApp.swift in Sources */,
				A1000002 /* EventTapManager.swift in Sources */,
				A1000003 /* HangulCompositionTracker.swift in Sources */,
				A1000004 /* KeycodeToJamoMap.swift in Sources */,
				A1000005 /* AppMonitor.swift in Sources */,
				A1000006 /* HangulUnicode.swift in Sources */,
				A1000007 /* TargetAppManager.swift in Sources */,
				A1000009 /* WrongLayoutCorrectionEngine.swift in Sources */,
				A100000A /* FocusedInputSafety.swift in Sources */,
				A100000B /* CorrectionNoticeController.swift in Sources */,
				A100000C /* InputSourceController.swift in Sources */,
				E1000001 /* KSX1001Table.swift in Sources */,
				E1000002 /* EnglishPhonotactics.swift in Sources */,
				E1000003 /* HangulStructure.swift in Sources */,
				E1000004 /* LayoutCorrectionPolicy.swift in Sources */,
				E1000030 /* LexicalTiebreaker.swift in Sources */,
				E1000090 /* LexicalGuard.swift in Sources */,
				E1000036 /* MonosyllableLexicon.swift in Sources */,
				E1000038 /* AppSupportRequest.swift in Sources */,
				D1000002 /* SparkleUpdateConfiguration.swift in Sources */,
				D1000001 /* UpdaterController.swift in Sources */,
				F1000001 /* AnnouncementCenter.swift in Sources */,
			);
			runOnlyForDeploymentPostprocessing = 0;
		};
		B6000001 /* Sources */ = {
			isa = PBXSourcesBuildPhase;
			buildActionMask = 2147483647;
			files = (
				B1000001 /* HangulCompositionTests.swift in Sources */,
				B1000002 /* HangulCompositionTracker.swift in Sources */,
				B1000003 /* KeycodeToJamoMap.swift in Sources */,
				B1000004 /* HangulUnicode.swift in Sources */,
				B1000005 /* TargetAppManagerTests.swift in Sources */,
				B1000006 /* TargetAppManager.swift in Sources */,
				B1000007 /* WrongLayoutCorrectionEngineTests.swift in Sources */,
				B1000008 /* WrongLayoutCorrectionEngine.swift in Sources */,
				B1000009 /* InputSourceControllerTests.swift in Sources */,
				B100000A /* InputSourceController.swift in Sources */,
				B100000B /* EventTapManagerTests.swift in Sources */,
				B100000C /* EventTapManager.swift in Sources */,
				B1000010 /* AppMonitor.swift in Sources */,
				B100000D /* FocusedInputSafety.swift in Sources */,
				B100000E /* CorrectionNoticeController.swift in Sources */,
				B100000F /* CorrectionNoticeControllerTests.swift in Sources */,
				C0F00001 /* StructureCorrectionCorpusTests.swift in Sources */,
				E1000011 /* KSX1001Table.swift in Sources */,
				E1000012 /* EnglishPhonotactics.swift in Sources */,
				E1000013 /* HangulStructure.swift in Sources */,
				E1000014 /* LayoutCorrectionPolicy.swift in Sources */,
				E1000031 /* LexicalTiebreaker.swift in Sources */,
				E1000091 /* LexicalGuard.swift in Sources */,
				E1000037 /* MonosyllableLexicon.swift in Sources */,
				E1000039 /* AppSupportRequest.swift in Sources */,
				E1000021 /* EnglishPhonotacticsTests.swift in Sources */,
				E1000022 /* KSX1001TableTests.swift in Sources */,
				E1000023 /* LayoutCorrectionPolicyTests.swift in Sources */,
				E1000093 /* LexicalGuardTests.swift in Sources */,
				E1000094 /* MackorAppFilterTests.swift in Sources */,
				E1000095 /* MonosyllableLexiconTests.swift in Sources */,
				E1000096 /* AppSupportRequestTests.swift in Sources */,
				E1000024 /* GoldenCorpusParityTests.swift in Sources */,
				E1000025 /* AppMonitorTests.swift in Sources */,
				E1000210 /* FocusedInputSafetyTests.swift in Sources */,
				E1000200 /* AnnouncementCenterTests.swift in Sources */,
				E1000201 /* AnnouncementCenter.swift in Sources */,
				E1000032 /* LexicalTiebreakerParityTests.swift in Sources */,
				D1000003 /* SparkleUpdateConfiguration.swift in Sources */,
				D1000004 /* SparkleUpdateConfigurationTests.swift in Sources */,
			);
			runOnlyForDeploymentPostprocessing = 0;
		};
/* End PBXSourcesBuildPhase section */

/* Begin XCBuildConfiguration section */
		A9000001 /* Debug */ = {
			isa = XCBuildConfiguration;
			buildSettings = {
				ALWAYS_SEARCH_USER_PATHS = NO;
				CLANG_ANALYZER_NONNULL = YES;
				CLANG_CXX_LANGUAGE_STANDARD = "gnu++20";
				CLANG_ENABLE_MODULES = YES;
				CLANG_ENABLE_OBJC_ARC = YES;
				COPY_PHASE_STRIP = NO;
				DEBUG_INFORMATION_FORMAT = dwarf;
				ENABLE_STRICT_OBJC_MSGSEND = YES;
				ENABLE_TESTABILITY = YES;
				GCC_DYNAMIC_NO_PIC = NO;
				GCC_OPTIMIZATION_LEVEL = 0;
				GCC_PREPROCESSOR_DEFINITIONS = (
					"DEBUG=1",
					"$(inherited)",
				);
				GCC_WARN_ABOUT_RETURN_TYPE = YES_ERROR;
				GCC_WARN_UNINITIALIZED_AUTOS = YES_AGGRESSIVE;
				MACOSX_DEPLOYMENT_TARGET = 13.0;
				MTL_ENABLE_DEBUG_INFO = INCLUDE_SOURCE;
				ONLY_ACTIVE_ARCH = YES;
				SDKROOT = macosx;
				SWIFT_ACTIVE_COMPILATION_CONDITIONS = DEBUG;
				SWIFT_OPTIMIZATION_LEVEL = "-Onone";
			};
			name = Debug;
		};
		A9000002 /* Release */ = {
			isa = XCBuildConfiguration;
			buildSettings = {
				ALWAYS_SEARCH_USER_PATHS = NO;
				CLANG_ANALYZER_NONNULL = YES;
				CLANG_CXX_LANGUAGE_STANDARD = "gnu++20";
				CLANG_ENABLE_MODULES = YES;
				CLANG_ENABLE_OBJC_ARC = YES;
				COPY_PHASE_STRIP = NO;
				DEBUG_INFORMATION_FORMAT = "dwarf-with-dsym";
				ENABLE_CODE_COVERAGE = NO;
				ENABLE_DEBUG_DYLIB = NO;
				ENABLE_NS_ASSERTIONS = NO;
				ENABLE_STRICT_OBJC_MSGSEND = YES;
				GCC_WARN_ABOUT_RETURN_TYPE = YES_ERROR;
				GCC_WARN_UNINITIALIZED_AUTOS = YES_AGGRESSIVE;
				MACOSX_DEPLOYMENT_TARGET = 13.0;
				SDKROOT = macosx;
				SWIFT_COMPILATION_MODE = wholemodule;
				SWIFT_OPTIMIZATION_LEVEL = "-O";
			};
			name = Release;
		};
		A9000003 /* Debug */ = {
			isa = XCBuildConfiguration;
			buildSettings = {
				ASSETCATALOG_COMPILER_APPICON_NAME = AppIcon;
				CODE_SIGN_ENTITLEMENTS = Mackor/Mackor.entitlements;
				CODE_SIGN_STYLE = Automatic;
				COMBINE_HIDPI_IMAGES = YES;
				CURRENT_PROJECT_VERSION = 15;
				ENABLE_APP_SANDBOX = NO;
				ENABLE_HARDENED_RUNTIME = YES;
				GENERATE_INFOPLIST_FILE = NO;
				INFOPLIST_FILE = Mackor/Info.plist;
				INFOPLIST_KEY_LSApplicationCategoryType = "public.app-category.utilities";
				INFOPLIST_KEY_NSHumanReadableCopyright = "";
				LD_RUNPATH_SEARCH_PATHS = (
					"$(inherited)",
					"@executable_path/../Frameworks",
				);
				MARKETING_VERSION = 1.9;
				MACKOR_SPARKLE_PUBLIC_ED_KEY = "";
				MACKOR_UPDATE_FEED_URL = "";
				PRODUCT_BUNDLE_IDENTIFIER = com.mackor.app;
				PRODUCT_NAME = "$(TARGET_NAME)";
				SWIFT_EMIT_LOC_STRINGS = YES;
				SWIFT_VERSION = 5.0;
			};
			name = Debug;
		};
		A9000004 /* Release */ = {
			isa = XCBuildConfiguration;
			buildSettings = {
				ASSETCATALOG_COMPILER_APPICON_NAME = AppIcon;
				CODE_SIGN_ENTITLEMENTS = Mackor/Mackor.entitlements;
				CODE_SIGN_STYLE = Automatic;
				COMBINE_HIDPI_IMAGES = YES;
				CURRENT_PROJECT_VERSION = 15;
				ENABLE_APP_SANDBOX = NO;
				ENABLE_CODE_COVERAGE = NO;
				ENABLE_DEBUG_DYLIB = NO;
				ENABLE_HARDENED_RUNTIME = YES;
				GENERATE_INFOPLIST_FILE = NO;
				INFOPLIST_FILE = Mackor/Info.plist;
				INFOPLIST_KEY_LSApplicationCategoryType = "public.app-category.utilities";
				INFOPLIST_KEY_NSHumanReadableCopyright = "";
				LD_RUNPATH_SEARCH_PATHS = (
					"$(inherited)",
					"@executable_path/../Frameworks",
				);
				MARKETING_VERSION = 1.9;
				MACKOR_SPARKLE_PUBLIC_ED_KEY = "";
				MACKOR_UPDATE_FEED_URL = "";
				PRODUCT_BUNDLE_IDENTIFIER = com.mackor.app;
				PRODUCT_NAME = "$(TARGET_NAME)";
				SWIFT_EMIT_LOC_STRINGS = YES;
				SWIFT_VERSION = 5.0;
			};
			name = Release;
		};
		B9000001 /* Debug */ = {
			isa = XCBuildConfiguration;
			buildSettings = {
				CODE_SIGN_STYLE = Automatic;
				CURRENT_PROJECT_VERSION = 1;
				GENERATE_INFOPLIST_FILE = YES;
				MACOSX_DEPLOYMENT_TARGET = 13.0;
				PRODUCT_BUNDLE_IDENTIFIER = com.mackor.tests;
				PRODUCT_NAME = "$(TARGET_NAME)";
				SDKROOT = macosx;
				SWIFT_EMIT_LOC_STRINGS = NO;
				SWIFT_VERSION = 5.0;
			};
			name = Debug;
		};
		B9000002 /* Release */ = {
			isa = XCBuildConfiguration;
			buildSettings = {
				CODE_SIGN_STYLE = Automatic;
				CURRENT_PROJECT_VERSION = 1;
				GENERATE_INFOPLIST_FILE = YES;
				MACOSX_DEPLOYMENT_TARGET = 13.0;
				PRODUCT_BUNDLE_IDENTIFIER = com.mackor.tests;
				PRODUCT_NAME = "$(TARGET_NAME)";
				SDKROOT = macosx;
				SWIFT_EMIT_LOC_STRINGS = NO;
				SWIFT_VERSION = 5.0;
			};
			name = Release;
		};
/* End XCBuildConfiguration section */

/* Begin XCConfigurationList section */
		A7000001 /* Build configuration list for PBXProject "Mackor" */ = {
			isa = XCConfigurationList;
			buildConfigurations = (
				A9000001 /* Debug */,
				A9000002 /* Release */,
			);
			defaultConfigurationIsVisible = 0;
			defaultConfigurationName = Release;
		};
		A7000003 /* Build configuration list for PBXNativeTarget "Mackor" */ = {
			isa = XCConfigurationList;
			buildConfigurations = (
				A9000003 /* Debug */,
				A9000004 /* Release */,
			);
			defaultConfigurationIsVisible = 0;
			defaultConfigurationName = Release;
		};
		B7000001 /* Build configuration list for PBXNativeTarget "MackorTests" */ = {
			isa = XCConfigurationList;
			buildConfigurations = (
				B9000001 /* Debug */,
				B9000002 /* Release */,
			);
			defaultConfigurationIsVisible = 0;
			defaultConfigurationName = Release;
		};
/* End XCConfigurationList section */

/* Begin XCRemoteSwiftPackageReference section */
		D4000001 /* XCRemoteSwiftPackageReference "Sparkle" */ = {
			isa = XCRemoteSwiftPackageReference;
			repositoryURL = "https://github.com/sparkle-project/Sparkle";
			requirement = {
				kind = exactVersion;
				version = 2.9.4;
			};
		};
/* End XCRemoteSwiftPackageReference section */

/* Begin XCSwiftPackageProductDependency section */
		D5000001 /* Sparkle */ = {
			isa = XCSwiftPackageProductDependency;
			package = D4000001 /* XCRemoteSwiftPackageReference "Sparkle" */;
			productName = Sparkle;
		};
/* End XCSwiftPackageProductDependency section */

	};
	rootObject = A8000001 /* Project object */;
}
